{
  "name": "@sathyendra/security-checker",
  "version": "1.23.0",
  "lockfileVersion": 3,
  "requires": true,
  "packages": {
    "": {
      "name": "@sathyendra/security-checker",
      "version": "1.23.0",
      "license": "MIT",
      "bin": {
        "sec-check": "cli.js"
      },
      "engines": {
        "node": ">=18.0.0"
      }
    }
  }
}
